// !$*UTF8*$!
{
	archiveVersion = 1;
	classes = {
	};
	objectVersion = 50;
	objects = {

/* Begin PBXBuildFile section */
		7EC0C45B24C4FA4000EC732A /* AppDelegate.swift in Sources */ = {isa = PBXBuildFile; fileRef = 7EC0C45A24C4FA4000EC732A /* AppDelegate.swift */; };
		7EC0C45D24C4FA4000EC732A /* SceneDelegate.swift in Sources */ = {isa = PBXBuildFile; fileRef = 7EC0C45C24C4FA4000EC732A /* SceneDelegate.swift */; };
		7EC0C46224C4FA4000EC732A /* Main.storyboard in Resources */ = {isa = PBXBuildFile; fileRef = 7EC0C46024C4FA4000EC732A /* Main.storyboard */; };
		7EC0C46424C4FA4100EC732A /* Assets.xcassets in Resources */ = {isa = PBXBuildFile; fileRef = 7EC0C46324C4FA4100EC732A /* Assets.xcassets */; };
		7EC0C46724C4FA4100EC732A /* LaunchScreen.storyboard in Resources */ = {isa = PBXBuildFile; fileRef = 7EC0C46524C4FA4100EC732A /* LaunchScreen.storyboard */; };
		7EC0C46F24C4FB3800EC732A /* MemeMeView.storyboard in Resources */ = {isa = PBXBuildFile; fileRef = 7EC0C46E24C4FB3800EC732A /* MemeMeView.storyboard */; };
		7EC0C47124C4FC0F00EC732A /* SentMemeTableViewController.swift in Sources */ = {isa = PBXBuildFile; fileRef = 7EC0C47024C4FC0F00EC732A /* SentMemeTableViewController.swift */; };
		7EC0C47324C4FC4A00EC732A /* SentMemeCollectionViewController.swift in Sources */ = {isa = PBXBuildFile; fileRef = 7EC0C47224C4FC4A00EC732A /* SentMemeCollectionViewController.swift */; };
		7EC0C47524C4FC8300EC732A /* MemeMeViewController.swift in Sources */ = {isa = PBXBuildFile; fileRef = 7EC0C47424C4FC8300EC732A /* MemeMeViewController.swift */; };
		7EC0C47724C4FCB000EC732A /* Meme.swift in Sources */ = {isa = PBXBuildFile; fileRef = 7EC0C47624C4FCB000EC732A /* Meme.swift */; };
		7EC0C47924C4FCC200EC732A /* MemeDetailViewController.swift in Sources */ = {isa = PBXBuildFile; fileRef = 7EC0C47824C4FCC200EC732A /* MemeDetailViewController.swift */; };
		7EC0C47B24C4FCD700EC732A /* SentMemeTableViewCell.swift in Sources */ = {isa = PBXBuildFile; fileRef = 7EC0C47A24C4FCD700EC732A /* SentMemeTableViewCell.swift */; };
		7EC0C47D24C4FD3000EC732A /* SentMemeCollectionViewCell.swift in Sources */ = {isa = PBXBuildFile; fileRef = 7EC0C47C24C4FD3000EC732A /* SentMemeCollectionViewCell.swift */; };
		7EC0C47F24C525DF00EC732A /* Impact.ttf in Resources */ = {isa = PBXBuildFile; fileRef = 7EC0C47E24C525DF00EC732A /* Impact.ttf */; };
/* End PBXBuildFile section */

/* Begin PBXFileReference section */
		7EC0C45724C4FA4000EC732A /* MemeMe 2.0.app */ = {isa = PBXFileReference; explicitFileType = wrapper.application; includeInIndex = 0; path = "MemeMe 2.0.app"; sourceTree = BUILT_PRODUCTS_DIR; };
		7EC0C45A24C4FA4000EC732A /* AppDelegate.swift */ = {isa = PBXFileReference; lastKnownFileType = sourcecode.swift; path = AppDelegate.swift; sourceTree = "<group>"; };
		7EC0C45C24C4FA4000EC732A /* SceneDelegate.swift */ = {isa = PBXFileReference; lastKnownFileType = sourcecode.swift; path = SceneDelegate.swift; sourceTree = "<group>"; };
		7EC0C46124C4FA4000EC732A /* Base */ = {isa = PBXFileReference; lastKnownFileType = file.storyboard; name = Base; path = Base.lproj/Main.storyboard; sourceTree = "<group>"; };
		7EC0C46324C4FA4100EC732A /* Assets.xcassets */ = {isa = PBXFileReference; lastKnownFileType = folder.assetcatalog; path = Assets.xcassets; sourceTree = "<group>"; };
		7EC0C46624C4FA4100EC732A /* Base */ = {isa = PBXFileReference; lastKnownFileType = file.storyboard; name = Base; path = Base.lproj/LaunchScreen.storyboard; sourceTree = "<group>"; };
		7EC0C46824C4FA4100EC732A /* Info.plist */ = {isa = PBXFileReference; lastKnownFileType = text.plist.xml; path = Info.plist; sourceTree = "<group>"; };
		7EC0C46E24C4FB3800EC732A /* MemeMeView.storyboard */ = {isa = PBXFileReference; lastKnownFileType = file.storyboard; path = MemeMeView.storyboard; sourceTree = "<group>"; };
		7EC0C47024C4FC0F00EC732A /* SentMemeTableViewController.swift */ = {isa = PBXFileReference; lastKnownFileType = sourcecode.swift; path = SentMemeTableViewController.swift; sourceTree = "<group>"; };
		7EC0C47224C4FC4A00EC732A /* SentMemeCollectionViewController.swift */ = {isa = PBXFileReference; lastKnownFileType = sourcecode.swift; path = SentMemeCollectionViewController.swift; sourceTree = "<group>"; };
		7EC0C47424C4FC8300EC732A /* MemeMeViewController.swift */ = {isa = PBXFileReference; lastKnownFileType = sourcecode.swift; path = MemeMeViewController.swift; sourceTree = "<group>"; };
		7EC0C47624C4FCB000EC732A /* Meme.swift */ = {isa = PBXFileReference; lastKnownFileType = sourcecode.swift; path = Meme.swift; sourceTree = "<group>"; };
		7EC0C47824C4FCC200EC732A /* MemeDetailViewController.swift */ = {isa = PBXFileReference; lastKnownFileType = sourcecode.swift; path = MemeDetailViewController.swift; sourceTree = "<group>"; };
		7EC0C47A24C4FCD700EC732A /* SentMemeTableViewCell.swift */ = {isa = PBXFileReference; lastKnownFileType = sourcecode.swift; path = SentMemeTableViewCell.swift; sourceTree = "<group>"; };
		7EC0C47C24C4FD3000EC732A /* SentMemeCollectionViewCell.swift */ = {isa = PBXFileReference; lastKnownFileType = sourcecode.swift; path = SentMemeCollectionViewCell.swift; sourceTree = "<group>"; };
		7EC0C47E24C525DF00EC732A /* Impact.ttf */ = {isa = PBXFileReference; lastKnownFileType = file; name = Impact.ttf; path = "../../MemeMe-2.0-master/MemeMe 2.0/Impact.ttf"; sourceTree = "<group>"; };
/* End PBXFileReference section */

/* Begin PBXFrameworksBuildPhase section */
		7EC0C45424C4FA4000EC732A /* Frameworks */ = {
			isa = PBXFrameworksBuildPhase;
			buildActionMask = 2147483647;
			files = (
			);
			runOnlyForDeploymentPostprocessing = 0;
		};
/* End PBXFrameworksBuildPhase section */

/* Begin PBXGroup section */
		7EC0C44E24C4FA4000EC732A = {
			isa = PBXGroup;
			children = (
				7EC0C45924C4FA4000EC732A /* MemeMe 2.0 */,
				7EC0C45824C4FA4000EC732A /* Products */,
			);
			sourceTree = "<group>";
		};
		7EC0C45824C4FA4000EC732A /* Products */ = {
			isa = PBXGroup;
			children = (
				7EC0C45724C4FA4000EC732A /* MemeMe 2.0.app */,
			);
			name = Products;
			sourceTree = "<group>";
		};
		7EC0C45924C4FA4000EC732A /* MemeMe 2.0 */ = {
			isa = PBXGroup;
			children = (
				7EC0C47E24C525DF00EC732A /* Impact.ttf */,
				7EC0C45A24C4FA4000EC732A /* AppDelegate.swift */,
				7EC0C45C24C4FA4000EC732A /* SceneDelegate.swift */,
				7EC0C46024C4FA4000EC732A /* Main.storyboard */,
				7EC0C46324C4FA4100EC732A /* Assets.xcassets */,
				7EC0C46524C4FA4100EC732A /* LaunchScreen.storyboard */,
				7EC0C46824C4FA4100EC732A /* Info.plist */,
				7EC0C46E24C4FB3800EC732A /* MemeMeView.storyboard */,
				7EC0C47024C4FC0F00EC732A /* SentMemeTableViewController.swift */,
				7EC0C47224C4FC4A00EC732A /* SentMemeCollectionViewController.swift */,
				7EC0C47424C4FC8300EC732A /* MemeMeViewController.swift */,
				7EC0C47624C4FCB000EC732A /* Meme.swift */,
				7EC0C47824C4FCC200EC732A /* MemeDetailViewController.swift */,
				7EC0C47A24C4FCD700EC732A /* SentMemeTableViewCell.swift */,
				7EC0C47C24C4FD3000EC732A /* SentMemeCollectionViewCell.swift */,
			);
			path = "MemeMe 2.0";
			sourceTree = "<group>";
		};
/* End PBXGroup section */

/* Begin PBXNativeTarget section */
		7EC0C45624C4FA4000EC732A /* MemeMe 2.0 */ = {
			isa = PBXNativeTarget;
			buildConfigurationList = 7EC0C46B24C4FA4100EC732A /* Build configuration list for PBXNativeTarget "MemeMe 2.0" */;
			buildPhases = (
				7EC0C45324C4FA4000EC732A /* Sources */,
				7EC0C45424C4FA4000EC732A /* Frameworks */,
				7EC0C45524C4FA4000EC732A /* Resources */,
			);
			buildRules = (
			);
			dependencies = (
			);
			name = "MemeMe 2.0";
			productName = "MemeMe 2.0";
			productReference = 7EC0C45724C4FA4000EC732A /* MemeMe 2.0.app */;
			productType = "com.apple.product-type.application";
		};
/* End PBXNativeTarget section */

/* Begin PBXProject section */
		7EC0C44F24C4FA4000EC732A /* Project object */ = {
			isa = PBXProject;
			attributes = {
				LastSwiftUpdateCheck = 1160;
				LastUpgradeCheck = 1160;
				ORGANIZATIONNAME = "Pablo Perez Zeballos";
				TargetAttributes = {
					7EC0C45624C4FA4000EC732A = {
						CreatedOnToolsVersion = 11.6;
					};
				};
			};
			buildConfigurationList = 7EC0C45224C4FA4000EC732A /* Build configuration list for PBXProject "MemeMe 2.0" */;
			compatibilityVersion = "Xcode 9.3";
			developmentRegion = en;
			hasScannedForEncodings = 0;
			knownRegions = (
				en,
				Base,
			);
			mainGroup = 7EC0C44E24C4FA4000EC732A;
			productRefGroup = 7EC0C45824C4FA4000EC732A /* Products */;
			projectDirPath = "";
			projectRoot = "";
			targets = (
				7EC0C45624C4FA4000EC732A /* MemeMe 2.0 */,
			);
		};
/* End PBXProject section */

/* Begin PBXResourcesBuildPhase section */
		7EC0C45524C4FA4000EC732A /* Resources */ = {
			isa = PBXResourcesBuildPhase;
			buildActionMask = 2147483647;
			files = (
				7EC0C46724C4FA4100EC732A /* LaunchScreen.storyboard in Resources */,
				7EC0C46F24C4FB3800EC732A /* MemeMeView.storyboard in Resources */,
				7EC0C46424C4FA4100EC732A /* Assets.xcassets in Resources */,
				7EC0C46224C4FA4000EC732A /* Main.storyboard in Resources */,
				7EC0C47F24C525DF00EC732A /* Impact.ttf in Resources */,
			);
			runOnlyForDeploymentPostprocessing = 0;
		};
/* End PBXResourcesBuildPhase section */

/* Begin PBXSourcesBuildPhase section */
		7EC0C45324C4FA4000EC732A /* Sources */ = {
			isa = PBXSourcesBuildPhase;
			buildActionMask = 2147483647;
			files = (
				7EC0C47D24C4FD3000EC732A /* SentMemeCollectionViewCell.swift in Sources */,
				7EC0C47124C4FC0F00EC732A /* SentMemeTableViewController.swift in Sources */,
				7EC0C47324C4FC4A00EC732A /* SentMemeCollectionViewController.swift in Sources */,
				7EC0C47724C4FCB000EC732A /* Meme.swift in Sources */,
				7EC0C47B24C4FCD700EC732A /* SentMemeTableViewCell.swift in Sources */,
				7EC0C47524C4FC8300EC732A /* MemeMeViewController.swift in Sources */,
				7EC0C45B24C4FA4000EC732A /* AppDelegate.swift in Sources */,
				7EC0C45D24C4FA4000EC732A /* SceneDelegate.swift in Sources */,
				7EC0C47924C4FCC200EC732A /* MemeDetailViewController.swift in Sources */,
			);
			runOnlyForDeploymentPostprocessing = 0;
		};
/* End PBXSourcesBuildPhase section */

/* Begin PBXVariantGroup section */
		7EC0C46024C4FA4000EC732A /* Main.storyboard */ = {
			isa = PBXVariantGroup;
			children = (
				7EC0C46124C4FA4000EC732A /* Base */,
			);
			name = Main.storyboard;
			sourceTree = "<group>";
		};
		7EC0C46524C4FA4100EC732A /* LaunchScreen.storyboard */ = {
			isa = PBXVariantGroup;
			children = (
				7EC0C46624C4FA4100EC732A /* Base */,
			);
			name = LaunchScreen.storyboard;
			sourceTree = "<group>";
		};
/* End PBXVariantGroup section */

/* Begin XCBuildConfiguration section */
		7EC0C46924C4FA4100EC732A /* Debug */ = {
			isa = XCBuildConfiguration;
			buildSettings = {
				ALWAYS_SEARCH_USER_PATHS = NO;
				CLANG_ANALYZER_NONNULL = YES;
				CLANG_ANALYZER_NUMBER_OBJECT_CONVERSION = YES_AGGRESSIVE;
				CLANG_CXX_LANGUAGE_STANDARD = "gnu++14";
				CLANG_CXX_LIBRARY = "libc++";
				CLANG_ENABLE_MODULES = YES;
				CLANG_ENABLE_OBJC_ARC = YES;
				CLANG_ENABLE_OBJC_WEAK = YES;
				CLANG_WARN_BLOCK_CAPTURE_AUTORELEASING = YES;
				CLANG_WARN_BOOL_CONVERSION = YES;
				CLANG_WARN_COMMA = YES;
				CLANG_WARN_CONSTANT_CONVERSION = YES;
				CLANG_WARN_DEPRECATED_OBJC_IMPLEMENTATIONS = YES;
				CLANG_WARN_DIRECT_OBJC_ISA_USAGE = YES_ERROR;
				CLANG_WARN_DOCUMENTATION_COMMENTS = YES;
				CLANG_WARN_EMPTY_BODY = YES;
				CLANG_WARN_ENUM_CONVERSION = YES;
				CLANG_WARN_INFINITE_RECURSION = YES;
				CLANG_WARN_INT_CONVERSION = YES;
				CLANG_WARN_NON_LITERAL_NULL_CONVERSION = YES;
				CLANG_WARN_OBJC_IMPLICIT_RETAIN_SELF = YES;
				CLANG_WARN_OBJC_LITERAL_CONVERSION = YES;
				CLANG_WARN_OBJC_ROOT_CLASS = YES_ERROR;
				CLANG_WARN_RANGE_LOOP_ANALYSIS = YES;
				CLANG_WARN_STRICT_PROTOTYPES = YES;
				CLANG_WARN_SUSPICIOUS_MOVE = YES;
				CLANG_WARN_UNGUARDED_AVAILABILITY = YES_AGGRESSIVE;
				CLANG_WARN_UNREACHABLE_CODE = YES;
				CLANG_WARN__DUPLICATE_METHOD_MATCH = YES;
				COPY_PHASE_STRIP = NO;
				DEBUG_INFORMATION_FORMAT = dwarf;
				ENABLE_STRICT_OBJC_MSGSEND = YES;
				ENABLE_TESTABILITY = YES;
				GCC_C_LANGUAGE_STANDARD = gnu11;
				GCC_DYNAMIC_NO_PIC = NO;
				GCC_NO_COMMON_BLOCKS = YES;
				GCC_OPTIMIZATION_LEVEL = 0;
				GCC_PREPROCESSOR_DEFINITIONS = (
					"DEBUG=1",
					"$(inherited)",
				);
				GCC_WARN_64_TO_32_BIT_CONVERSION = YES;
				GCC_WARN_ABOUT_RETURN_TYPE = YES_ERROR;
				GCC_WARN_UNDECLARED_SELECTOR = YES;
				GCC_WARN_UNINITIALIZED_AUTOS = YES_AGGRESSIVE;
				GCC_WARN_UNUSED_FUNCTION = YES;
				GCC_WARN_UNUSED_VARIABLE = YES;
				IPHONEOS_DEPLOYMENT_TARGET = 13.6;
				MTL_ENABLE_DEBUG_INFO = INCLUDE_SOURCE;
				MTL_FAST_MATH = YES;
				ONLY_ACTIVE_ARCH = YES;
				SDKROOT = iphoneos;
				SWIFT_ACTIVE_COMPILATION_CONDITIONS = DEBUG;
				SWIFT_OPTIMIZATION_LEVEL = "-Onone";
			};
			name = Debug;
		};
		7EC0C46A24C4FA4100EC732A /* Release */ = {
			isa = XCBuildConfiguration;
			buildSettings = {
				ALWAYS_SEARCH_USER_PATHS = NO;
				CLANG_ANALYZER_NONNULL = YES;
				CLANG_ANALYZER_NUMBER_OBJECT_CONVERSION = YES_AGGRESSIVE;
				CLANG_CXX_LANGUAGE_STANDARD = "gnu++14";
				CLANG_CXX_LIBRARY = "libc++";
				CLANG_ENABLE_MODULES = YES;
				CLANG_ENABLE_OBJC_ARC = YES;
				CLANG_ENABLE_OBJC_WEAK = YES;
				CLANG_WARN_BLOCK_CAPTURE_AUTORELEASING = YES;
				CLANG_WARN_BOOL_CONVERSION = YES;
				CLANG_WARN_COMMA = YES;
				CLANG_WARN_CONSTANT_CONVERSION = YES;
				CLANG_WARN_DEPRECATED_OBJC_IMPLEMENTATIONS = YES;
				CLANG_WARN_DIRECT_OBJC_ISA_USAGE = YES_ERROR;
				CLANG_WARN_DOCUMENTATION_COMMENTS = YES;
				CLANG_WARN_EMPTY_BODY = YES;
				CLANG_WARN_ENUM_CONVERSION = YES;
				CLANG_WARN_INFINITE_RECURSION = YES;
				CLANG_WARN_INT_CONVERSION = YES;
				CLANG_WARN_NON_LITERAL_NULL_CONVERSION = YES;
				CLANG_WARN_OBJC_IMPLICIT_RETAIN_SELF = YES;
				CLANG_WARN_OBJC_LITERAL_CONVERSION = YES;
				CLANG_WARN_OBJC_ROOT_CLASS = YES_ERROR;
				CLANG_WARN_RANGE_LOOP_ANALYSIS = YES;
				CLANG_WARN_STRICT_PROTOTYPES = YES;
				CLANG_WARN_SUSPICIOUS_MOVE = YES;
				CLANG_WARN_UNGUARDED_AVAILABILITY = YES_AGGRESSIVE;
				CLANG_WARN_UNREACHABLE_CODE = YES;
				CLANG_WARN__DUPLICATE_METHOD_MATCH = YES;
				COPY_PHASE_STRIP = NO;
				DEBUG_INFORMATION_FORMAT = "dwarf-with-dsym";
				ENABLE_NS_ASSERTIONS = NO;
				ENABLE_STRICT_OBJC_MSGSEND = YES;
				GCC_C_LANGUAGE_STANDARD = gnu11;
				GCC_NO_COMMON_BLOCKS = YES;
				GCC_WARN_64_TO_32_BIT_CONVERSION = YES;
				GCC_WARN_ABOUT_RETURN_TYPE = YES_ERROR;
				GCC_WARN_UNDECLARED_SELECTOR = YES;
				GCC_WARN_UNINITIALIZED_AUTOS = YES_AGGRESSIVE;
				GCC_WARN_UNUSED_FUNCTION = YES;
				GCC_WARN_UNUSED_VARIABLE = YES;
				IPHONEOS_DEPLOYMENT_TARGET = 13.6;
				MTL_ENABLE_DEBUG_INFO = NO;
				MTL_FAST_MATH = YES;
				SDKROOT = iphoneos;
				SWIFT_COMPILATION_MODE = wholemodule;
				SWIFT_OPTIMIZATION_LEVEL = "-O";
				VALIDATE_PRODUCT = YES;
			};
			name = Release;
		};
		7EC0C46C24C4FA4100EC732A /* Debug */ = {
			isa = XCBuildConfiguration;
			buildSettings = {
				ASSETCATALOG_COMPILER_APPICON_NAME = AppIcon;
				CODE_SIGN_STYLE = Automatic;
				DEVELOPMENT_TEAM = CX729Y93BQ;
				INFOPLIST_FILE = "MemeMe 2.0/Info.plist";
				IPHONEOS_DEPLOYMENT_TARGET = 13.6;
				LD_RUNPATH_SEARCH_PATHS = (
					"$(inherited)",
					"@executable_path/Frameworks",
				);
				PRODUCT_BUNDLE_IDENTIFIER = "com.mememe.MemeMe-2-0";
				PRODUCT_NAME = "$(TARGET_NAME)";
				SWIFT_VERSION = 5.0;
				TARGETED_DEVICE_FAMILY = "1,2";
			};
			name = Debug;
		};
		7EC0C46D24C4FA4100EC732A /* Release */ = {
			isa = XCBuildConfiguration;
			buildSettings = {
				ASSETCATALOG_COMPILER_APPICON_NAME = AppIcon;
				CODE_SIGN_STYLE = Automatic;
				DEVELOPMENT_TEAM = CX729Y93BQ;
				INFOPLIST_FILE = "MemeMe 2.0/Info.plist";
				IPHONEOS_DEPLOYMENT_TARGET = 13.6;
				LD_RUNPATH_SEARCH_PATHS = (
					"$(inherited)",
					"@executable_path/Frameworks",
				);
				PRODUCT_BUNDLE_IDENTIFIER = "com.mememe.MemeMe-2-0";
				PRODUCT_NAME = "$(TARGET_NAME)";
				SWIFT_VERSION = 5.0;
				TARGETED_DEVICE_FAMILY = "1,2";
			};
			name = Release;
		};
/* End XCBuildConfiguration section */

/* Begin XCConfigurationList section */
		7EC0C45224C4FA4000EC732A /* Build configuration list for PBXProject "MemeMe 2.0" */ = {
			isa = XCConfigurationList;
			buildConfigurations = (
				7EC0C46924C4FA4100EC732A /* Debug */,
				7EC0C46A24C4FA4100EC732A /* Release */,
			);
			defaultConfigurationIsVisible = 0;
			defaultConfigurationName = Release;
		};
		7EC0C46B24C4FA4100EC732A /* Build configuration list for PBXNativeTarget "MemeMe 2.0" */ = {
			isa = XCConfigurationList;
			buildConfigurations = (
				7EC0C46C24C4FA4100EC732A /* Debug */,
				7EC0C46D24C4FA4100EC732A /* Release */,
			);
			defaultConfigurationIsVisible = 0;
			defaultConfigurationName = Release;
		};
/* End XCConfigurationList section */
	};
	rootObject = 7EC0C44F24C4FA4000EC732A /* Project object */;
}
